
Microsoft Visual Studio Solution File, Format Version 12.00
# Visual Studio 15
VisualStudioVersion = 15.0.28010.0
MinimumVisualStudioVersion = 10.0.40219.1
Project("{FAE04EC0-301F-11D3-BF4B-00C04F79EFBC}") = "CatalogData", "CatalogData\CatalogData.csproj", "{E4879B65-3F5B-4698-9E4D-B3AA5854F554}"
EndProject
Project("{FAE04EC0-301F-11D3-BF4B-00C04F79EFBC}") = "CatalogFacade", "CatalogFacade\CatalogFacade.csproj", "{99A4A43F-C2DD-4EBF-BE53-F9BBA4A22112}"
EndProject
Project("{FAE04EC0-301F-11D3-BF4B-00C04F79EFBC}") = "CatalogTester", "CatalogTetser\CatalogTester.csproj", "{1446186D-B1A3-4A28-9AF4-E0E74CE0147A}"
EndProject
Project("{FAE04EC0-301F-11D3-BF4B-00C04F79EFBC}") = "CatalogBusiness", "CatalogBusiness\CatalogBusiness.csproj", "{80965B44-DEC8-4D92-898C-3231CB1DE1E9}"
EndProject
Project("{FAE04EC0-301F-11D3-BF4B-00C04F79EFBC}") = "ManagerUI", "ManagerUI\ManagerUI.csproj", "{A034A729-E77E-4CEC-83B5-0B7325A85D9C}"
EndProject
Global
	GlobalSection(SolutionConfigurationPlatforms) = preSolution
		Debug|Any CPU = Debug|Any CPU
		Release|Any CPU = Release|Any CPU
	EndGlobalSection
	GlobalSection(ProjectConfigurationPlatforms) = postSolution
		{E4879B65-3F5B-4698-9E4D-B3AA5854F554}.Debug|Any CPU.ActiveCfg = Debug|Any CPU
		{E4879B65-3F5B-4698-9E4D-B3AA5854F554}.Debug|Any CPU.Build.0 = Debug|Any CPU
		{E4879B65-3F5B-4698-9E4D-B3AA5854F554}.Release|Any CPU.ActiveCfg = Release|Any CPU
		{E4879B65-3F5B-4698-9E4D-B3AA5854F554}.Release|Any CPU.Build.0 = Release|Any CPU
		{99A4A43F-C2DD-4EBF-BE53-F9BBA4A22112}.Debug|Any CPU.ActiveCfg = Debug|Any CPU
		{99A4A43F-C2DD-4EBF-BE53-F9BBA4A22112}.Debug|Any CPU.Build.0 = Debug|Any CPU
		{99A4A43F-C2DD-4EBF-BE53-F9BBA4A22112}.Release|Any CPU.ActiveCfg = Release|Any CPU
		{99A4A43F-C2DD-4EBF-BE53-F9BBA4A22112}.Release|Any CPU.Build.0 = Release|Any CPU
		{1446186D-B1A3-4A28-9AF4-E0E74CE0147A}.Debug|Any CPU.ActiveCfg = Debug|Any CPU
		{1446186D-B1A3-4A28-9AF4-E0E74CE0147A}.Debug|Any CPU.Build.0 = Debug|Any CPU
		{1446186D-B1A3-4A28-9AF4-E0E74CE0147A}.Release|Any CPU.ActiveCfg = Release|Any CPU
		{1446186D-B1A3-4A28-9AF4-E0E74CE0147A}.Release|Any CPU.Build.0 = Release|Any CPU
		{80965B44-DEC8-4D92-898C-3231CB1DE1E9}.Debug|Any CPU.ActiveCfg = Debug|Any CPU
		{80965B44-DEC8-4D92-898C-3231CB1DE1E9}.Debug|Any CPU.Build.0 = Debug|Any CPU
		{80965B44-DEC8-4D92-898C-3231CB1DE1E9}.Release|Any CPU.ActiveCfg = Release|Any CPU
		{80965B44-DEC8-4D92-898C-3231CB1DE1E9}.Release|Any CPU.Build.0 = Release|Any CPU
		{A034A729-E77E-4CEC-83B5-0B7325A85D9C}.Debug|Any CPU.ActiveCfg = Debug|Any CPU
		{A034A729-E77E-4CEC-83B5-0B7325A85D9C}.Debug|Any CPU.Build.0 = Debug|Any CPU
		{A034A729-E77E-4CEC-83B5-0B7325A85D9C}.Release|Any CPU.ActiveCfg = Release|Any CPU
		{A034A729-E77E-4CEC-83B5-0B7325A85D9C}.Release|Any CPU.Build.0 = Release|Any CPU
	EndGlobalSection
	GlobalSection(SolutionProperties) = preSolution
		HideSolutionNode = FALSE
	EndGlobalSection
	GlobalSection(ExtensibilityGlobals) = postSolution
		SolutionGuid = {2B7E543B-6155-48F4-98B9-2BD531F42C34}
	EndGlobalSection
EndGlobal
